{
  "name": "travel-blog-builder",
  "version": "1.0.0",
  "description": "Build script for travel blog - geocodes locations and converts markdown offline",
  "main": "build.js",
  "scripts": {
    "validate": "node validate.js",
    "build": "node validate.js && node build.js",
    "watch": "nodemon --watch config.json --watch content/ --exec 'node validate.js && node build.js'",
    "serve": "npx http-server -p 8000 -o"
  },
  "dependencies": {
    "marked": "^9.1.6"
  },
  "devDependencies": {
    "nodemon": "^3.0.1"
  },
  "keywords": ["travel", "blog", "static-site"],
  "author": "",
  "license": "MIT"
}